
Microsoft Visual Studio Solution File, Format Version 12.00
# Visual Studio 2012
Project("{FAE04EC0-301F-11D3-BF4B-00C04F79EFBC}") = "OracleAQS.NServiceBus.TestRunner", "OracleAQS.NServiceBus.TestRunner\OracleAQS.NServiceBus.TestRunner.csproj", "{2763D423-4001-4C6E-A165-9D27280F42EE}"
EndProject
Project("{FAE04EC0-301F-11D3-BF4B-00C04F79EFBC}") = "NServiceBus.Unicast.Queuing.OracleAqs", "NServiceBus.Unicast.Queuing.OracleAqs\NServiceBus.Unicast.Queuing.OracleAqs.csproj", "{A514EEA4-D12F-471B-8E6B-538A23CDE7FA}"
EndProject
Project("{FAE04EC0-301F-11D3-BF4B-00C04F79EFBC}") = "NServiceBus.Unicast.Queuing.OracleAqs.Config", "NServiceBus.Unicast.Queuing.OracleAqs.Config\NServiceBus.Unicast.Queuing.OracleAqs.Config.csproj", "{48A7B046-C7AC-4133-9C97-0478BAE09685}"
EndProject
Global
	GlobalSection(TestCaseManagementSettings) = postSolution
		CategoryFile = OracleAdvanceQueuing.vsmdi
	EndGlobalSection
	GlobalSection(SolutionConfigurationPlatforms) = preSolution
		Debug|Any CPU = Debug|Any CPU
		Debug|Mixed Platforms = Debug|Mixed Platforms
		Debug|x86 = Debug|x86
		Release|Any CPU = Release|Any CPU
		Release|Mixed Platforms = Release|Mixed Platforms
		Release|x86 = Release|x86
	EndGlobalSection
	GlobalSection(ProjectConfigurationPlatforms) = postSolution
		{2763D423-4001-4C6E-A165-9D27280F42EE}.Debug|Any CPU.ActiveCfg = Debug|x86
		{2763D423-4001-4C6E-A165-9D27280F42EE}.Debug|Mixed Platforms.ActiveCfg = Debug|x86
		{2763D423-4001-4C6E-A165-9D27280F42EE}.Debug|Mixed Platforms.Build.0 = Debug|x86
		{2763D423-4001-4C6E-A165-9D27280F42EE}.Debug|x86.ActiveCfg = Debug|x86
		{2763D423-4001-4C6E-A165-9D27280F42EE}.Debug|x86.Build.0 = Debug|x86
		{2763D423-4001-4C6E-A165-9D27280F42EE}.Release|Any CPU.ActiveCfg = Release|x86
		{2763D423-4001-4C6E-A165-9D27280F42EE}.Release|Mixed Platforms.ActiveCfg = Release|x86
		{2763D423-4001-4C6E-A165-9D27280F42EE}.Release|Mixed Platforms.Build.0 = Release|x86
		{2763D423-4001-4C6E-A165-9D27280F42EE}.Release|x86.ActiveCfg = Release|x86
		{2763D423-4001-4C6E-A165-9D27280F42EE}.Release|x86.Build.0 = Release|x86
		{48A7B046-C7AC-4133-9C97-0478BAE09685}.Debug|Any CPU.ActiveCfg = Debug|Any CPU
		{48A7B046-C7AC-4133-9C97-0478BAE09685}.Debug|Any CPU.Build.0 = Debug|Any CPU
		{48A7B046-C7AC-4133-9C97-0478BAE09685}.Debug|Mixed Platforms.ActiveCfg = Debug|Any CPU
		{48A7B046-C7AC-4133-9C97-0478BAE09685}.Debug|Mixed Platforms.Build.0 = Debug|Any CPU
		{48A7B046-C7AC-4133-9C97-0478BAE09685}.Debug|x86.ActiveCfg = Debug|Any CPU
		{48A7B046-C7AC-4133-9C97-0478BAE09685}.Release|Any CPU.ActiveCfg = Release|Any CPU
		{48A7B046-C7AC-4133-9C97-0478BAE09685}.Release|Any CPU.Build.0 = Release|Any CPU
		{48A7B046-C7AC-4133-9C97-0478BAE09685}.Release|Mixed Platforms.ActiveCfg = Release|Any CPU
		{48A7B046-C7AC-4133-9C97-0478BAE09685}.Release|Mixed Platforms.Build.0 = Release|Any CPU
		{48A7B046-C7AC-4133-9C97-0478BAE09685}.Release|x86.ActiveCfg = Release|Any CPU
		{A514EEA4-D12F-471B-8E6B-538A23CDE7FA}.Debug|Any CPU.ActiveCfg = Debug|Any CPU
		{A514EEA4-D12F-471B-8E6B-538A23CDE7FA}.Debug|Any CPU.Build.0 = Debug|Any CPU
		{A514EEA4-D12F-471B-8E6B-538A23CDE7FA}.Debug|Mixed Platforms.ActiveCfg = Debug|Any CPU
		{A514EEA4-D12F-471B-8E6B-538A23CDE7FA}.Debug|Mixed Platforms.Build.0 = Debug|Any CPU
		{A514EEA4-D12F-471B-8E6B-538A23CDE7FA}.Debug|x86.ActiveCfg = Debug|Any CPU
		{A514EEA4-D12F-471B-8E6B-538A23CDE7FA}.Release|Any CPU.ActiveCfg = Release|Any CPU
		{A514EEA4-D12F-471B-8E6B-538A23CDE7FA}.Release|Any CPU.Build.0 = Release|Any CPU
		{A514EEA4-D12F-471B-8E6B-538A23CDE7FA}.Release|Mixed Platforms.ActiveCfg = Release|Any CPU
		{A514EEA4-D12F-471B-8E6B-538A23CDE7FA}.Release|Mixed Platforms.Build.0 = Release|Any CPU
		{A514EEA4-D12F-471B-8E6B-538A23CDE7FA}.Release|x86.ActiveCfg = Release|Any CPU
	EndGlobalSection
	GlobalSection(SolutionProperties) = preSolution
		HideSolutionNode = FALSE
	EndGlobalSection
EndGlobal
